<?xml version="1.0" encoding="utf-8"?>
<Project ToolsVersion="4.0" xmlns="http://schemas.microsoft.com/developer/msbuild/2003">
  <ItemGroup>
    <Filter Include="Fichiers sources">
      <UniqueIdentifier>{4FC737F1-C7A5-4376-A066-2A32D752A2FF}</UniqueIdentifier>
      <Extensions>cpp;c;cc;cxx;c++;cppm;ixx;def;odl;idl;hpj;bat;asm;asmx</Extensions>
    </Filter>
    <Filter Include="Fichiers d%27en-tête">
      <UniqueIdentifier>{93995380-89BD-4b04-88EB-625FBE52EBFB}</UniqueIdentifier>
      <Extensions>h;hh;hpp;hxx;h++;hm;inl;inc;ipp;xsd</Extensions>
    </Filter>
    <Filter Include="Fichiers de ressources">
      <UniqueIdentifier>{67DA6AB6-F800-4c08-8B7A-83BB121AAD01}</UniqueIdentifier>
      <Extensions>rc;ico;cur;bmp;dlg;rc2;rct;bin;rgs;gif;jpg;jpeg;jpe;resx;tiff;tif;png;wav;mfcribbon-ms</Extensions>
    </Filter>
    <Filter Include="Fichiers sources\Partie1">
      <UniqueIdentifier>{2616bd11-624e-4c5c-aad5-02b7d427027b}</UniqueIdentifier>
    </Filter>
    <Filter Include="Fichiers sources\Partie2">
      <UniqueIdentifier>{cc060ac5-4c37-403e-b001-9ca53c502544}</UniqueIdentifier>
    </Filter>
    <Filter Include="Fichiers sources\Partie3">
      <UniqueIdentifier>{f76cdb25-9d46-4449-947a-49896005d463}</UniqueIdentifier>
    </Filter>
  </ItemGroup>
  <ItemGroup>
    <ClInclude Include="Header.h">
      <Filter>Fichiers d%27en-tête</Filter>
    </ClInclude>
    <ClInclude Include="Partie3.h">
      <Filter>Fichiers sources\Partie3</Filter>
    </ClInclude>
    <ClInclude Include="JeuDeCarte1.h">
      <Filter>Fichiers sources\Partie3</Filter>
    </ClInclude>
  </ItemGroup>
  <ItemGroup>
    <ClCompile Include="Source.cpp">
      <Filter>Fichiers sources</Filter>
    </ClCompile>
    <ClCompile Include="Main.cpp">
      <Filter>Fichiers sources</Filter>
    </ClCompile>
    <ClCompile Include="DeveloppementLimites.cpp">
      <Filter>Fichiers sources\Partie1</Filter>
    </ClCompile>
    <ClCompile Include="Fibonacci.cpp">
      <Filter>Fichiers sources\Partie1</Filter>
    </ClCompile>
    <ClCompile Include="Integrale.cpp">
      <Filter>Fichiers sources\Partie1</Filter>
    </ClCompile>
    <ClCompile Include="Jeu421.cpp">
      <Filter>Fichiers sources\Partie1</Filter>
    </ClCompile>
    <ClCompile Include="JeuDesAllumettes.cpp">
      <Filter>Fichiers sources\Partie1</Filter>
    </ClCompile>
    <ClCompile Include="Maxfact.cpp">
      <Filter>Fichiers sources\Partie1</Filter>
    </ClCompile>
    <ClCompile Include="NombreMystere.cpp">
      <Filter>Fichiers sources\Partie1</Filter>
    </ClCompile>
    <ClCompile Include="Syracuse.cpp">
      <Filter>Fichiers sources\Partie1</Filter>
    </ClCompile>
    <ClCompile Include="ReferencePointeurB.cpp">
      <Filter>Fichiers sources\Partie2</Filter>
    </ClCompile>
    <ClCompile Include="ReferencePointeurC.cpp">
      <Filter>Fichiers sources\Partie2</Filter>
    </ClCompile>
    <ClCompile Include="ReferencePointeurA.cpp">
      <Filter>Fichiers sources\Partie2</Filter>
    </ClCompile>
    <ClCompile Include="Macro.cpp">
      <Filter>Fichiers sources\Partie2</Filter>
    </ClCompile>
    <ClCompile Include="Personne.cpp">
      <Filter>Fichiers sources\Partie2</Filter>
    </ClCompile>
    <ClCompile Include="JeuDeCarte1.cpp">
      <Filter>Fichiers sources\Partie3</Filter>
    </ClCompile>
    <ClCompile Include="JeuDeCarte2.cpp">
      <Filter>Fichiers sources\Partie3</Filter>
    </ClCompile>
    <ClCompile Include="JeuDeCarteYUGIOH.cpp">
      <Filter>Fichiers sources\Partie3</Filter>
    </ClCompile>
  </ItemGroup>
</Project>